
Microsoft Visual Studio Solution File, Format Version 12.00
# Visual Studio Version 16
VisualStudioVersion = 16.0.30204.135
MinimumVisualStudioVersion = 10.0.40219.1
Project("{8BC9CEB8-8B4A-11D0-8D11-00A0C91BC942}") = "VideoPlayerFI", "VideoPlayerFI\VideoPlayerFI.vcxproj", "{4C9FF1DD-3E49-470C-9B66-A7CE6634D9BF}"
EndProject
Global
	GlobalSection(SolutionConfigurationPlatforms) = preSolution
		Debug|x64 = Debug|x64
		Debug|x86 = Debug|x86
		Release|x64 = Release|x64
		Release|x86 = Release|x86
	EndGlobalSection
	GlobalSection(ProjectConfigurationPlatforms) = postSolution
		{4C9FF1DD-3E49-470C-9B66-A7CE6634D9BF}.Debug|x64.ActiveCfg = Debug|x64
		{4C9FF1DD-3E49-470C-9B66-A7CE6634D9BF}.Debug|x64.Build.0 = Debug|x64
		{4C9FF1DD-3E49-470C-9B66-A7CE6634D9BF}.Debug|x86.ActiveCfg = Debug|Win32
		{4C9FF1DD-3E49-470C-9B66-A7CE6634D9BF}.Debug|x86.Build.0 = Debug|Win32
		{4C9FF1DD-3E49-470C-9B66-A7CE6634D9BF}.Release|x64.ActiveCfg = Release|x64
		{4C9FF1DD-3E49-470C-9B66-A7CE6634D9BF}.Release|x64.Build.0 = Release|x64
		{4C9FF1DD-3E49-470C-9B66-A7CE6634D9BF}.Release|x86.ActiveCfg = Release|Win32
		{4C9FF1DD-3E49-470C-9B66-A7CE6634D9BF}.Release|x86.Build.0 = Release|Win32
	EndGlobalSection
	GlobalSection(SolutionProperties) = preSolution
		HideSolutionNode = FALSE
	EndGlobalSection
	GlobalSection(ExtensibilityGlobals) = postSolution
		SolutionGuid = {1EE20461-54C7-4832-B632-CCA2D2656FF6}
	EndGlobalSection
EndGlobal
